
Microsoft Visual Studio Solution File, Format Version 12.00
# Visual Studio 15
VisualStudioVersion = 15.0.28010.2036
MinimumVisualStudioVersion = 10.0.40219.1
Project("{FAE04EC0-301F-11D3-BF4B-00C04F79EFBC}") = "SignalRDemo.Service", "SignalRDemo.Service\SignalRDemo.Service.csproj", "{65149410-289F-47C0-B08D-4B03085FCC61}"
EndProject
Global
	GlobalSection(SolutionConfigurationPlatforms) = preSolution
		Debug|Any CPU = Debug|Any CPU
		Release|Any CPU = Release|Any CPU
	EndGlobalSection
	GlobalSection(ProjectConfigurationPlatforms) = postSolution
		{65149410-289F-47C0-B08D-4B03085FCC61}.Debug|Any CPU.ActiveCfg = Debug|Any CPU
		{65149410-289F-47C0-B08D-4B03085FCC61}.Debug|Any CPU.Build.0 = Debug|Any CPU
		{65149410-289F-47C0-B08D-4B03085FCC61}.Release|Any CPU.ActiveCfg = Release|Any CPU
		{65149410-289F-47C0-B08D-4B03085FCC61}.Release|Any CPU.Build.0 = Release|Any CPU
	EndGlobalSection
	GlobalSection(SolutionProperties) = preSolution
		HideSolutionNode = FALSE
	EndGlobalSection
	GlobalSection(ExtensibilityGlobals) = postSolution
		SolutionGuid = {D0A2FEDB-0F8B-4482-9EFD-D183CF4C6EBB}
	EndGlobalSection
EndGlobal
